
Microsoft Visual Studio Solution File, Format Version 12.00
# Visual Studio Version 17
VisualStudioVersion = 17.7.34031.279
MinimumVisualStudioVersion = 10.0.40219.1
Project("{FAE04EC0-301F-11D3-BF4B-00C04F79EFBC}") = "greeting by the age and gender", "greeting by the age and gender\greeting by the age and gender.csproj", "{54C95A58-0A16-4C25-AE4F-8DB0BE39D516}"
EndProject
Project("{FAE04EC0-301F-11D3-BF4B-00C04F79EFBC}") = "new shops", "new shops\new shops.csproj", "{6219A1A2-CE9D-4BE1-B971-7B1381CE1BAA}"
EndProject
Global
	GlobalSection(SolutionConfigurationPlatforms) = preSolution
		Debug|Any CPU = Debug|Any CPU
		Release|Any CPU = Release|Any CPU
	EndGlobalSection
	GlobalSection(ProjectConfigurationPlatforms) = postSolution
		{54C95A58-0A16-4C25-AE4F-8DB0BE39D516}.Debug|Any CPU.ActiveCfg = Debug|Any CPU
		{54C95A58-0A16-4C25-AE4F-8DB0BE39D516}.Debug|Any CPU.Build.0 = Debug|Any CPU
		{54C95A58-0A16-4C25-AE4F-8DB0BE39D516}.Release|Any CPU.ActiveCfg = Release|Any CPU
		{54C95A58-0A16-4C25-AE4F-8DB0BE39D516}.Release|Any CPU.Build.0 = Release|Any CPU
		{6219A1A2-CE9D-4BE1-B971-7B1381CE1BAA}.Debug|Any CPU.ActiveCfg = Debug|Any CPU
		{6219A1A2-CE9D-4BE1-B971-7B1381CE1BAA}.Debug|Any CPU.Build.0 = Debug|Any CPU
		{6219A1A2-CE9D-4BE1-B971-7B1381CE1BAA}.Release|Any CPU.ActiveCfg = Release|Any CPU
		{6219A1A2-CE9D-4BE1-B971-7B1381CE1BAA}.Release|Any CPU.Build.0 = Release|Any CPU
	EndGlobalSection
	GlobalSection(SolutionProperties) = preSolution
		HideSolutionNode = FALSE
	EndGlobalSection
	GlobalSection(ExtensibilityGlobals) = postSolution
		SolutionGuid = {552230E2-4823-48E4-9EBD-27663ABF10D5}
	EndGlobalSection
EndGlobal
